
Microsoft Visual Studio Solution File, Format Version 12.00
# Visual Studio Version 17
VisualStudioVersion = 17.0.31903.59
MinimumVisualStudioVersion = 10.0.40219.1
Project("{2150E333-8FDC-42A3-9474-1A3956D46DE8}") = "src", "src", "{966CB21A-E1C7-4DA4-BE85-67E1E7B56054}"
EndProject
Project("{FAE04EC0-301F-11D3-BF4B-00C04F79EFBC}") = "VouchR.Api", "src\VouchR.Api\VouchR.Api.csproj", "{797FF2C0-2124-4DC2-BE66-F985A4B1F4DD}"
EndProject
Project("{FAE04EC0-301F-11D3-BF4B-00C04F79EFBC}") = "VouchR.Domain", "src\VouchR.Domain\VouchR.Domain.csproj", "{84857D57-9D41-4A8E-A70F-E1A3CE911948}"
EndProject
Project("{2150E333-8FDC-42A3-9474-1A3956D46DE8}") = "tests", "tests", "{7E783AFA-A8A5-45E8-8C97-2B2C1C91F2AE}"
EndProject
Project("{FAE04EC0-301F-11D3-BF4B-00C04F79EFBC}") = "VouchR.UnitTests", "tests\VouchR.UnitTests\VouchR.UnitTests.csproj", "{B766CFB9-0B97-48E0-970D-87EBC76CF28E}"
EndProject
Project("{FAE04EC0-301F-11D3-BF4B-00C04F79EFBC}") = "VouchR.Google", "src\VouchR.Google\VouchR.Google.csproj", "{B69D21CF-F9DB-4646-96DA-86EA62F56E69}"
EndProject
Project("{FAE04EC0-301F-11D3-BF4B-00C04F79EFBC}") = "VouchR.Apple", "src\VouchR.Apple\VouchR.Apple.csproj", "{2C1A2B6E-4B0E-4DD9-86C3-8DA791BA1479}"
EndProject
Global
	GlobalSection(SolutionConfigurationPlatforms) = preSolution
		Debug|Any CPU = Debug|Any CPU
		Release|Any CPU = Release|Any CPU
	EndGlobalSection
	GlobalSection(SolutionProperties) = preSolution
		HideSolutionNode = FALSE
	EndGlobalSection
	GlobalSection(ProjectConfigurationPlatforms) = postSolution
		{797FF2C0-2124-4DC2-BE66-F985A4B1F4DD}.Debug|Any CPU.ActiveCfg = Debug|Any CPU
		{797FF2C0-2124-4DC2-BE66-F985A4B1F4DD}.Debug|Any CPU.Build.0 = Debug|Any CPU
		{797FF2C0-2124-4DC2-BE66-F985A4B1F4DD}.Release|Any CPU.ActiveCfg = Release|Any CPU
		{797FF2C0-2124-4DC2-BE66-F985A4B1F4DD}.Release|Any CPU.Build.0 = Release|Any CPU
		{84857D57-9D41-4A8E-A70F-E1A3CE911948}.Debug|Any CPU.ActiveCfg = Debug|Any CPU
		{84857D57-9D41-4A8E-A70F-E1A3CE911948}.Debug|Any CPU.Build.0 = Debug|Any CPU
		{84857D57-9D41-4A8E-A70F-E1A3CE911948}.Release|Any CPU.ActiveCfg = Release|Any CPU
		{84857D57-9D41-4A8E-A70F-E1A3CE911948}.Release|Any CPU.Build.0 = Release|Any CPU
		{B766CFB9-0B97-48E0-970D-87EBC76CF28E}.Debug|Any CPU.ActiveCfg = Debug|Any CPU
		{B766CFB9-0B97-48E0-970D-87EBC76CF28E}.Debug|Any CPU.Build.0 = Debug|Any CPU
		{B766CFB9-0B97-48E0-970D-87EBC76CF28E}.Release|Any CPU.ActiveCfg = Release|Any CPU
		{B766CFB9-0B97-48E0-970D-87EBC76CF28E}.Release|Any CPU.Build.0 = Release|Any CPU
		{B69D21CF-F9DB-4646-96DA-86EA62F56E69}.Debug|Any CPU.ActiveCfg = Debug|Any CPU
		{B69D21CF-F9DB-4646-96DA-86EA62F56E69}.Debug|Any CPU.Build.0 = Debug|Any CPU
		{B69D21CF-F9DB-4646-96DA-86EA62F56E69}.Release|Any CPU.ActiveCfg = Release|Any CPU
		{B69D21CF-F9DB-4646-96DA-86EA62F56E69}.Release|Any CPU.Build.0 = Release|Any CPU
		{2C1A2B6E-4B0E-4DD9-86C3-8DA791BA1479}.Debug|Any CPU.ActiveCfg = Debug|Any CPU
		{2C1A2B6E-4B0E-4DD9-86C3-8DA791BA1479}.Debug|Any CPU.Build.0 = Debug|Any CPU
		{2C1A2B6E-4B0E-4DD9-86C3-8DA791BA1479}.Release|Any CPU.ActiveCfg = Release|Any CPU
		{2C1A2B6E-4B0E-4DD9-86C3-8DA791BA1479}.Release|Any CPU.Build.0 = Release|Any CPU
	EndGlobalSection
	GlobalSection(NestedProjects) = preSolution
		{797FF2C0-2124-4DC2-BE66-F985A4B1F4DD} = {966CB21A-E1C7-4DA4-BE85-67E1E7B56054}
		{84857D57-9D41-4A8E-A70F-E1A3CE911948} = {966CB21A-E1C7-4DA4-BE85-67E1E7B56054}
		{B766CFB9-0B97-48E0-970D-87EBC76CF28E} = {7E783AFA-A8A5-45E8-8C97-2B2C1C91F2AE}
		{B69D21CF-F9DB-4646-96DA-86EA62F56E69} = {966CB21A-E1C7-4DA4-BE85-67E1E7B56054}
		{2C1A2B6E-4B0E-4DD9-86C3-8DA791BA1479} = {966CB21A-E1C7-4DA4-BE85-67E1E7B56054}
	EndGlobalSection
EndGlobal
